# This file is automatically @generated by Cargo.
# It is not intended for manual editing.
version = 4

[[package]]
name = "impossible-inferences-domain"
version = "0.1.0"

[[package]]
name = "impossible-inferences-engine"
version = "0.1.0"
dependencies = [
 "impossible-inferences-domain",
]

[[package]]
name = "impossible-inferences-protocol"
version = "0.1.0"
dependencies = [
 "impossible-inferences-domain",
]

[[package]]
name = "impossible-inferences-server"
version = "0.1.0"
dependencies = [
 "impossible-inferences-domain",
 "impossible-inferences-engine",
 "impossible-inferences-protocol",
]
